
Microsoft Visual Studio Solution File, Format Version 12.00
# Visual Studio Version 17
VisualStudioVersion = 17.6.33829.357
MinimumVisualStudioVersion = 10.0.40219.1
Project("{8BC9CEB8-8B4A-11D0-8D11-00A0C91BC942}") = "DynamicStack", "DynamicStack.vcxproj", "{0BDCAEF7-EC37-4AEC-92CC-EE1A4F839654}"
EndProject
Global
	GlobalSection(SolutionConfigurationPlatforms) = preSolution
		Debug|x64 = Debug|x64
		Debug|x86 = Debug|x86
		Release|x64 = Release|x64
		Release|x86 = Release|x86
	EndGlobalSection
	GlobalSection(ProjectConfigurationPlatforms) = postSolution
		{0BDCAEF7-EC37-4AEC-92CC-EE1A4F839654}.Debug|x64.ActiveCfg = Debug|x64
		{0BDCAEF7-EC37-4AEC-92CC-EE1A4F839654}.Debug|x64.Build.0 = Debug|x64
		{0BDCAEF7-EC37-4AEC-92CC-EE1A4F839654}.Debug|x86.ActiveCfg = Debug|Win32
		{0BDCAEF7-EC37-4AEC-92CC-EE1A4F839654}.Debug|x86.Build.0 = Debug|Win32
		{0BDCAEF7-EC37-4AEC-92CC-EE1A4F839654}.Release|x64.ActiveCfg = Release|x64
		{0BDCAEF7-EC37-4AEC-92CC-EE1A4F839654}.Release|x64.Build.0 = Release|x64
		{0BDCAEF7-EC37-4AEC-92CC-EE1A4F839654}.Release|x86.ActiveCfg = Release|Win32
		{0BDCAEF7-EC37-4AEC-92CC-EE1A4F839654}.Release|x86.Build.0 = Release|Win32
	EndGlobalSection
	GlobalSection(SolutionProperties) = preSolution
		HideSolutionNode = FALSE
	EndGlobalSection
	GlobalSection(ExtensibilityGlobals) = postSolution
		SolutionGuid = {A7F7455B-0860-4649-B8C1-43E423A955DC}
	EndGlobalSection
EndGlobal
